
Microsoft Visual Studio Solution File, Format Version 12.00
# Visual Studio Version 17
VisualStudioVersion = 17.0.32014.148
MinimumVisualStudioVersion = 10.0.40219.1
Project("{9A19103F-16F7-4668-BE54-9A1E7A4F7556}") = "Algorithms.Part1", "Algorithms.Part1\Algorithms.Part1.csproj", "{DFAD0925-2108-46DE-B5E2-B6DF3C8EB7F9}"
EndProject
Project("{9A19103F-16F7-4668-BE54-9A1E7A4F7556}") = "Algorithms.Part1.Tests", "Algorithms.Part1.Tests\Algorithms.Part1.Tests.csproj", "{F4F35280-33F1-4316-B011-3FB12359A7DE}"
EndProject
Project("{2150E333-8FDC-42A3-9474-1A3956D46DE8}") = "Part1", "Part1", "{908F3F69-134D-4E5F-BB76-BEFE01AE7404}"
EndProject
Project("{2150E333-8FDC-42A3-9474-1A3956D46DE8}") = "Part2", "Part2", "{0716FC16-612C-44FC-B6B6-AC5D0766F9D8}"
EndProject
Project("{FAE04EC0-301F-11D3-BF4B-00C04F79EFBC}") = "Algorithms.Part2", "Algorithms.Part2\Algorithms.Part2.csproj", "{068C7C36-C0C2-40AD-A4FC-4435DB3BDA59}"
EndProject
Project("{FAE04EC0-301F-11D3-BF4B-00C04F79EFBC}") = "Algorithms.Part2.Tests", "Algorithms.Part2.Tests\Algorithms.Part2.Tests.csproj", "{AABA1CCE-5D67-4BBD-B18D-3DECEB101543}"
EndProject
Global
	GlobalSection(SolutionConfigurationPlatforms) = preSolution
		Debug|Any CPU = Debug|Any CPU
		Release|Any CPU = Release|Any CPU
	EndGlobalSection
	GlobalSection(ProjectConfigurationPlatforms) = postSolution
		{DFAD0925-2108-46DE-B5E2-B6DF3C8EB7F9}.Debug|Any CPU.ActiveCfg = Debug|Any CPU
		{DFAD0925-2108-46DE-B5E2-B6DF3C8EB7F9}.Debug|Any CPU.Build.0 = Debug|Any CPU
		{DFAD0925-2108-46DE-B5E2-B6DF3C8EB7F9}.Release|Any CPU.ActiveCfg = Release|Any CPU
		{DFAD0925-2108-46DE-B5E2-B6DF3C8EB7F9}.Release|Any CPU.Build.0 = Release|Any CPU
		{F4F35280-33F1-4316-B011-3FB12359A7DE}.Debug|Any CPU.ActiveCfg = Debug|Any CPU
		{F4F35280-33F1-4316-B011-3FB12359A7DE}.Debug|Any CPU.Build.0 = Debug|Any CPU
		{F4F35280-33F1-4316-B011-3FB12359A7DE}.Release|Any CPU.ActiveCfg = Release|Any CPU
		{F4F35280-33F1-4316-B011-3FB12359A7DE}.Release|Any CPU.Build.0 = Release|Any CPU
		{068C7C36-C0C2-40AD-A4FC-4435DB3BDA59}.Debug|Any CPU.ActiveCfg = Debug|Any CPU
		{068C7C36-C0C2-40AD-A4FC-4435DB3BDA59}.Debug|Any CPU.Build.0 = Debug|Any CPU
		{068C7C36-C0C2-40AD-A4FC-4435DB3BDA59}.Release|Any CPU.ActiveCfg = Release|Any CPU
		{068C7C36-C0C2-40AD-A4FC-4435DB3BDA59}.Release|Any CPU.Build.0 = Release|Any CPU
		{AABA1CCE-5D67-4BBD-B18D-3DECEB101543}.Debug|Any CPU.ActiveCfg = Debug|Any CPU
		{AABA1CCE-5D67-4BBD-B18D-3DECEB101543}.Debug|Any CPU.Build.0 = Debug|Any CPU
		{AABA1CCE-5D67-4BBD-B18D-3DECEB101543}.Release|Any CPU.ActiveCfg = Release|Any CPU
		{AABA1CCE-5D67-4BBD-B18D-3DECEB101543}.Release|Any CPU.Build.0 = Release|Any CPU
	EndGlobalSection
	GlobalSection(SolutionProperties) = preSolution
		HideSolutionNode = FALSE
	EndGlobalSection
	GlobalSection(NestedProjects) = preSolution
		{DFAD0925-2108-46DE-B5E2-B6DF3C8EB7F9} = {908F3F69-134D-4E5F-BB76-BEFE01AE7404}
		{F4F35280-33F1-4316-B011-3FB12359A7DE} = {908F3F69-134D-4E5F-BB76-BEFE01AE7404}
		{068C7C36-C0C2-40AD-A4FC-4435DB3BDA59} = {0716FC16-612C-44FC-B6B6-AC5D0766F9D8}
		{AABA1CCE-5D67-4BBD-B18D-3DECEB101543} = {0716FC16-612C-44FC-B6B6-AC5D0766F9D8}
	EndGlobalSection
	GlobalSection(ExtensibilityGlobals) = postSolution
		SolutionGuid = {E33DC8C4-838A-4F47-AE29-D7CD55C8FA73}
	EndGlobalSection
EndGlobal
